
Microsoft Visual Studio Solution File, Format Version 12.00
# Visual Studio Version 16
VisualStudioVersion = 16.0.31613.86
MinimumVisualStudioVersion = 10.0.40219.1
Project("{9A19103F-16F7-4668-BE54-9A1E7A4F7556}") = "AudioProcessHelper", "AudioProcessHelper.csproj", "{CC17A4AA-622C-4967-8989-E806F61E5959}"
EndProject
Project("{2150E333-8FDC-42A3-9474-1A3956D46DE8}") = "Solution Items", "Solution Items", "{04952EE3-6D2F-423F-890F-CDAEA0500208}"
	ProjectSection(SolutionItems) = preProject
		.editorconfig = .editorconfig
	EndProjectSection
EndProject
Global
	GlobalSection(SolutionConfigurationPlatforms) = preSolution
		Debug|Any CPU = Debug|Any CPU
		Release|Any CPU = Release|Any CPU
	EndGlobalSection
	GlobalSection(ProjectConfigurationPlatforms) = postSolution
		{CC17A4AA-622C-4967-8989-E806F61E5959}.Debug|Any CPU.ActiveCfg = Debug|Any CPU
		{CC17A4AA-622C-4967-8989-E806F61E5959}.Debug|Any CPU.Build.0 = Debug|Any CPU
		{CC17A4AA-622C-4967-8989-E806F61E5959}.Release|Any CPU.ActiveCfg = Release|Any CPU
		{CC17A4AA-622C-4967-8989-E806F61E5959}.Release|Any CPU.Build.0 = Release|Any CPU
	EndGlobalSection
	GlobalSection(SolutionProperties) = preSolution
		HideSolutionNode = FALSE
	EndGlobalSection
	GlobalSection(ExtensibilityGlobals) = postSolution
		SolutionGuid = {9264B329-2203-4DEA-92CA-DFABE5AC1948}
	EndGlobalSection
EndGlobal
